// !$*UTF8*$!
{
	archiveVersion = 1;
	classes = {
	};
	objectVersion = 46;
	objects = {

/* Begin PBXBuildFile section */
		A402D6EA1C71BB1000F11B4B /* YGEssenceViewController.m in Sources */ = {isa = PBXBuildFile; fileRef = A402D6C41C71BB1000F11B4B /* YGEssenceViewController.m */; };
		A402D6EB1C71BB1000F11B4B /* YGFriendTrendsViewController.m in Sources */ = {isa = PBXBuildFile; fileRef = A402D6CA1C71BB1000F11B4B /* YGFriendTrendsViewController.m */; };
		A402D6EC1C71BB1000F11B4B /* YGMeViewController.m in Sources */ = {isa = PBXBuildFile; fileRef = A402D6D01C71BB1000F11B4B /* YGMeViewController.m */; };
		A402D6ED1C71BB1000F11B4B /* YGNewViewController.m in Sources */ = {isa = PBXBuildFile; fileRef = A402D6D61C71BB1000F11B4B /* YGNewViewController.m */; };
		A402D6EE1C71BB1000F11B4B /* AppDelegate.m in Sources */ = {isa = PBXBuildFile; fileRef = A402D6DB1C71BB1000F11B4B /* AppDelegate.m */; };
		A402D6EF1C71BB1000F11B4B /* UIBarButtonItem+YGExtension.m in Sources */ = {isa = PBXBuildFile; fileRef = A402D6DE1C71BB1000F11B4B /* UIBarButtonItem+YGExtension.m */; };
		A402D6F01C71BB1000F11B4B /* UIView+YGExtension.m in Sources */ = {isa = PBXBuildFile; fileRef = A402D6E01C71BB1000F11B4B /* UIView+YGExtension.m */; };
		A402D6F11C71BB1000F11B4B /* YGTabBarController.m in Sources */ = {isa = PBXBuildFile; fileRef = A402D6E31C71BB1000F11B4B /* YGTabBarController.m */; };
		A402D6F21C71BB1000F11B4B /* main.m in Sources */ = {isa = PBXBuildFile; fileRef = A402D6E41C71BB1000F11B4B /* main.m */; };
		A402D6F31C71BB1000F11B4B /* YGTabBar.m in Sources */ = {isa = PBXBuildFile; fileRef = A402D6E91C71BB1000F11B4B /* YGTabBar.m */; };
		A402D6FF1C71CA8100F11B4B /* YGNavigationViewController.m in Sources */ = {isa = PBXBuildFile; fileRef = A402D6FE1C71CA8100F11B4B /* YGNavigationViewController.m */; };
		A426D1AC1C6DBDA3007A99E9 /* Assets.xcassets in Resources */ = {isa = PBXBuildFile; fileRef = A426D1AB1C6DBDA3007A99E9 /* Assets.xcassets */; };
		A4290E4B1C81696500475C24 /* YGPublishView.m in Sources */ = {isa = PBXBuildFile; fileRef = A4290E491C81696500475C24 /* YGPublishView.m */; };
		A4290E4C1C81696500475C24 /* YGPublishView.xib in Resources */ = {isa = PBXBuildFile; fileRef = A4290E4A1C81696500475C24 /* YGPublishView.xib */; };
		A4290E4F1C81EDFA00475C24 /* YGVoiceView.m in Sources */ = {isa = PBXBuildFile; fileRef = A4290E4E1C81EDFA00475C24 /* YGVoiceView.m */; };
		A4290E511C81EE1800475C24 /* YGVoiceView.xib in Resources */ = {isa = PBXBuildFile; fileRef = A4290E501C81EE1800475C24 /* YGVoiceView.xib */; };
		A42D5CE51C8858A500886B8F /* YGCommentHeaderView.m in Sources */ = {isa = PBXBuildFile; fileRef = A42D5CE41C8858A500886B8F /* YGCommentHeaderView.m */; };
		A44C891A1C86BBDA009E9DAF /* YGProgressView.m in Sources */ = {isa = PBXBuildFile; fileRef = A44C89191C86BBDA009E9DAF /* YGProgressView.m */; };
		A46C22F31C880E66002CD6A2 /* YGUser.m in Sources */ = {isa = PBXBuildFile; fileRef = A46C22F21C880E66002CD6A2 /* YGUser.m */; };
		A46C22F61C88107D002CD6A2 /* YGComment.m in Sources */ = {isa = PBXBuildFile; fileRef = A46C22F51C88107D002CD6A2 /* YGComment.m */; };
		A46C22FA1C8822D7002CD6A2 /* YGCommentViewController.m in Sources */ = {isa = PBXBuildFile; fileRef = A46C22F81C8822D7002CD6A2 /* YGCommentViewController.m */; };
		A46C22FB1C8822D7002CD6A2 /* YGCommentViewController.xib in Resources */ = {isa = PBXBuildFile; fileRef = A46C22F91C8822D7002CD6A2 /* YGCommentViewController.xib */; };
		A46E20CA1C798A6300E9758B /* YGPushGuideView.m in Sources */ = {isa = PBXBuildFile; fileRef = A46E20C91C798A6300E9758B /* YGPushGuideView.m */; };
		A46E20CC1C798A8F00E9758B /* YGPushGuideView.xib in Resources */ = {isa = PBXBuildFile; fileRef = A46E20CB1C798A8F00E9758B /* YGPushGuideView.xib */; };
		A4766E321C802E0C00A4E048 /* YGPictureView.m in Sources */ = {isa = PBXBuildFile; fileRef = A4766E311C802E0C00A4E048 /* YGPictureView.m */; };
		A4766E341C802E3800A4E048 /* YGPictureView.xib in Resources */ = {isa = PBXBuildFile; fileRef = A4766E331C802E3800A4E048 /* YGPictureView.xib */; };
		A47EF7971C6CCB4700AC9E6A /* _____Tests.m in Sources */ = {isa = PBXBuildFile; fileRef = A47EF7961C6CCB4700AC9E6A /* _____Tests.m */; };
		A47EF7A21C6CCB4700AC9E6A /* _____UITests.m in Sources */ = {isa = PBXBuildFile; fileRef = A47EF7A11C6CCB4700AC9E6A /* _____UITests.m */; };
		A4ACBE6D1C7227B3002E26E3 /* YGFriendTrendsView.xib in Resources */ = {isa = PBXBuildFile; fileRef = A4ACBE6C1C7227B3002E26E3 /* YGFriendTrendsView.xib */; };
		A4B08FFB1C74A979009DCA14 /* YGRecommendViewController.m in Sources */ = {isa = PBXBuildFile; fileRef = A4B08FF91C74A979009DCA14 /* YGRecommendViewController.m */; };
		A4B08FFC1C74A979009DCA14 /* YGRecommendViewController.xib in Resources */ = {isa = PBXBuildFile; fileRef = A4B08FFA1C74A979009DCA14 /* YGRecommendViewController.xib */; };
		A4B08FFF1C74B1C8009DCA14 /* YGRecommendCategroy.m in Sources */ = {isa = PBXBuildFile; fileRef = A4B08FFE1C74B1C8009DCA14 /* YGRecommendCategroy.m */; };
		A4B090031C74B257009DCA14 /* YGRecommendViewCell.m in Sources */ = {isa = PBXBuildFile; fileRef = A4B090011C74B257009DCA14 /* YGRecommendViewCell.m */; };
		A4B090041C74B257009DCA14 /* YGRecommendViewCell.xib in Resources */ = {isa = PBXBuildFile; fileRef = A4B090021C74B257009DCA14 /* YGRecommendViewCell.xib */; };
		A4B090061C74B845009DCA14 /* Foundation+Log.m in Sources */ = {isa = PBXBuildFile; fileRef = A4B090051C74B845009DCA14 /* Foundation+Log.m */; };
		A4B0900A1C759420009DCA14 /* YGUserTableViewCell.m in Sources */ = {isa = PBXBuildFile; fileRef = A4B090081C759420009DCA14 /* YGUserTableViewCell.m */; };
		A4B0900B1C759420009DCA14 /* YGUserTableViewCell.xib in Resources */ = {isa = PBXBuildFile; fileRef = A4B090091C759420009DCA14 /* YGUserTableViewCell.xib */; };
		A4B0900F1C7598B0009DCA14 /* YGRecommendUser.m in Sources */ = {isa = PBXBuildFile; fileRef = A4B0900E1C7598B0009DCA14 /* YGRecommendUser.m */; };
		A4B867521C7ED96B00C28154 /* YGTopic.m in Sources */ = {isa = PBXBuildFile; fileRef = A4B867511C7ED96B00C28154 /* YGTopic.m */; };
		A4B867551C7EF06C00C28154 /* YGConst.m in Sources */ = {isa = PBXBuildFile; fileRef = A4B867541C7EF06C00C28154 /* YGConst.m */; };
		A4B867591C7EF40A00C28154 /* YGTopicCell.m in Sources */ = {isa = PBXBuildFile; fileRef = A4B867571C7EF40A00C28154 /* YGTopicCell.m */; };
		A4B8675A1C7EF40A00C28154 /* YGTopicCell.xib in Resources */ = {isa = PBXBuildFile; fileRef = A4B867581C7EF40A00C28154 /* YGTopicCell.xib */; };
		A4B8675D1C7F39D000C28154 /* NSDate+Extension.m in Sources */ = {isa = PBXBuildFile; fileRef = A4B8675C1C7F39D000C28154 /* NSDate+Extension.m */; };
		A4B867601C7F4AA100C28154 /* YGBaseViewController.m in Sources */ = {isa = PBXBuildFile; fileRef = A4B8675F1C7F4AA100C28154 /* YGBaseViewController.m */; };
		A4C1BBB01C82BC880059C3D1 /* YGVideoView.m in Sources */ = {isa = PBXBuildFile; fileRef = A4C1BBAF1C82BC880059C3D1 /* YGVideoView.m */; };
		A4C1BBB41C82CB650059C3D1 /* YGVideoView.xib in Resources */ = {isa = PBXBuildFile; fileRef = A4C1BBB31C82CB650059C3D1 /* YGVideoView.xib */; };
		A4C1BBB81C82E8D90059C3D1 /* YGBigPictureController.m in Sources */ = {isa = PBXBuildFile; fileRef = A4C1BBB61C82E8D90059C3D1 /* YGBigPictureController.m */; };
		A4C1BBB91C82E8D90059C3D1 /* YGBigPictureController.xib in Resources */ = {isa = PBXBuildFile; fileRef = A4C1BBB71C82E8D90059C3D1 /* YGBigPictureController.xib */; };
		A4E91CBA1C787528006E4DCB /* YGLoginRegisterViewController.m in Sources */ = {isa = PBXBuildFile; fileRef = A4E91CB81C787528006E4DCB /* YGLoginRegisterViewController.m */; };
		A4E91CBB1C787528006E4DCB /* YGLoginRegisterViewController.xib in Resources */ = {isa = PBXBuildFile; fileRef = A4E91CB91C787528006E4DCB /* YGLoginRegisterViewController.xib */; };
		A4E91CBE1C78852B006E4DCB /* YGOtherLoginButton.m in Sources */ = {isa = PBXBuildFile; fileRef = A4E91CBD1C78852B006E4DCB /* YGOtherLoginButton.m */; };
		A4E91CC11C78A4D6006E4DCB /* YGTextField.m in Sources */ = {isa = PBXBuildFile; fileRef = A4E91CC01C78A4D6006E4DCB /* YGTextField.m */; };
		A4EFE4461C76047500B0B2E5 /* YGRecommendTagsController.m in Sources */ = {isa = PBXBuildFile; fileRef = A4EFE4451C76047500B0B2E5 /* YGRecommendTagsController.m */; };
		A4EFE4491C76076B00B0B2E5 /* YGRecommendTag.m in Sources */ = {isa = PBXBuildFile; fileRef = A4EFE4481C76076B00B0B2E5 /* YGRecommendTag.m */; };
		A4EFE44D1C760A1800B0B2E5 /* YGRecommendTagCell.m in Sources */ = {isa = PBXBuildFile; fileRef = A4EFE44B1C760A1800B0B2E5 /* YGRecommendTagCell.m */; };
		A4EFE44E1C760A1800B0B2E5 /* YGRecommendTagCell.xib in Resources */ = {isa = PBXBuildFile; fileRef = A4EFE44C1C760A1800B0B2E5 /* YGRecommendTagCell.xib */; };
		CA447F2F86AD378C4658944D /* libPods.a in Frameworks */ = {isa = PBXBuildFile; fileRef = 4DAF3404B389FD655BF642EF /* libPods.a */; };
/* End PBXBuildFile section */

/* Begin PBXContainerItemProxy section */
		A47EF7931C6CCB4700AC9E6A /* PBXContainerItemProxy */ = {
			isa = PBXContainerItemProxy;
			containerPortal = A47EF7711C6CCB4600AC9E6A /* Project object */;
			proxyType = 1;
			remoteGlobalIDString = A47EF7781C6CCB4600AC9E6A;
			remoteInfo = "百思不得姐";
		};
		A47EF79E1C6CCB4700AC9E6A /* PBXContainerItemProxy */ = {
			isa = PBXContainerItemProxy;
			containerPortal = A47EF7711C6CCB4600AC9E6A /* Project object */;
			proxyType = 1;
			remoteGlobalIDString = A47EF7781C6CCB4600AC9E6A;
			remoteInfo = "百思不得姐";
		};
/* End PBXContainerItemProxy section */

/* Begin PBXFileReference section */
		4DAF3404B389FD655BF642EF /* libPods.a */ = {isa = PBXFileReference; explicitFileType = archive.ar; includeInIndex = 0; path = libPods.a; sourceTree = BUILT_PRODUCTS_DIR; };
		97521C8E1EA30F3280EA045F /* Pods.debug.xcconfig */ = {isa = PBXFileReference; includeInIndex = 1; lastKnownFileType = text.xcconfig; name = Pods.debug.xcconfig; path = "Pods/Target Support Files/Pods/Pods.debug.xcconfig"; sourceTree = "<group>"; };
		A402D6C31C71BB1000F11B4B /* YGEssenceViewController.h */ = {isa = PBXFileReference; fileEncoding = 4; lastKnownFileType = sourcecode.c.h; path = YGEssenceViewController.h; sourceTree = "<group>"; };
		A402D6C41C71BB1000F11B4B /* YGEssenceViewController.m */ = {isa = PBXFileReference; fileEncoding = 4; lastKnownFileType = sourcecode.c.objc; path = YGEssenceViewController.m; sourceTree = "<group>"; };
		A402D6C91C71BB1000F11B4B /* YGFriendTrendsViewController.h */ = {isa = PBXFileReference; fileEncoding = 4; lastKnownFileType = sourcecode.c.h; path = YGFriendTrendsViewController.h; sourceTree = "<group>"; };
		A402D6CA1C71BB1000F11B4B /* YGFriendTrendsViewController.m */ = {isa = PBXFileReference; fileEncoding = 4; lastKnownFileType = sourcecode.c.objc; path = YGFriendTrendsViewController.m; sourceTree = "<group>"; };
		A402D6CF1C71BB1000F11B4B /* YGMeViewController.h */ = {isa = PBXFileReference; fileEncoding = 4; lastKnownFileType = sourcecode.c.h; path = YGMeViewController.h; sourceTree = "<group>"; };
		A402D6D01C71BB1000F11B4B /* YGMeViewController.m */ = {isa = PBXFileReference; fileEncoding = 4; lastKnownFileType = sourcecode.c.objc; path = YGMeViewController.m; sourceTree = "<group>"; };
		A402D6D51C71BB1000F11B4B /* YGNewViewController.h */ = {isa = PBXFileReference; fileEncoding = 4; lastKnownFileType = sourcecode.c.h; path = YGNewViewController.h; sourceTree = "<group>"; };
		A402D6D61C71BB1000F11B4B /* YGNewViewController.m */ = {isa = PBXFileReference; fileEncoding = 4; lastKnownFileType = sourcecode.c.objc; path = YGNewViewController.m; sourceTree = "<group>"; };
		A402D6DA1C71BB1000F11B4B /* AppDelegate.h */ = {isa = PBXFileReference; fileEncoding = 4; lastKnownFileType = sourcecode.c.h; path = AppDelegate.h; sourceTree = "<group>"; };
		A402D6DB1C71BB1000F11B4B /* AppDelegate.m */ = {isa = PBXFileReference; fileEncoding = 4; lastKnownFileType = sourcecode.c.objc; path = AppDelegate.m; sourceTree = "<group>"; };
		A402D6DD1C71BB1000F11B4B /* UIBarButtonItem+YGExtension.h */ = {isa = PBXFileReference; fileEncoding = 4; lastKnownFileType = sourcecode.c.h; path = "UIBarButtonItem+YGExtension.h"; sourceTree = "<group>"; };
		A402D6DE1C71BB1000F11B4B /* UIBarButtonItem+YGExtension.m */ = {isa = PBXFileReference; fileEncoding = 4; lastKnownFileType = sourcecode.c.objc; path = "UIBarButtonItem+YGExtension.m"; sourceTree = "<group>"; };
		A402D6DF1C71BB1000F11B4B /* UIView+YGExtension.h */ = {isa = PBXFileReference; fileEncoding = 4; lastKnownFileType = sourcecode.c.h; path = "UIView+YGExtension.h"; sourceTree = "<group>"; };
		A402D6E01C71BB1000F11B4B /* UIView+YGExtension.m */ = {isa = PBXFileReference; fileEncoding = 4; lastKnownFileType = sourcecode.c.objc; path = "UIView+YGExtension.m"; sourceTree = "<group>"; };
		A402D6E21C71BB1000F11B4B /* YGTabBarController.h */ = {isa = PBXFileReference; fileEncoding = 4; lastKnownFileType = sourcecode.c.h; path = YGTabBarController.h; sourceTree = "<group>"; };
		A402D6E31C71BB1000F11B4B /* YGTabBarController.m */ = {isa = PBXFileReference; fileEncoding = 4; lastKnownFileType = sourcecode.c.objc; path = YGTabBarController.m; sourceTree = "<group>"; };
		A402D6E41C71BB1000F11B4B /* main.m */ = {isa = PBXFileReference; fileEncoding = 4; lastKnownFileType = sourcecode.c.objc; path = main.m; sourceTree = "<group>"; };
		A402D6E61C71BB1000F11B4B /* PrefixHeader.pch */ = {isa = PBXFileReference; fileEncoding = 4; lastKnownFileType = sourcecode.c.h; path = PrefixHeader.pch; sourceTree = "<group>"; };
		A402D6E81C71BB1000F11B4B /* YGTabBar.h */ = {isa = PBXFileReference; fileEncoding = 4; lastKnownFileType = sourcecode.c.h; path = YGTabBar.h; sourceTree = "<group>"; };
		A402D6E91C71BB1000F11B4B /* YGTabBar.m */ = {isa = PBXFileReference; fileEncoding = 4; lastKnownFileType = sourcecode.c.objc; path = YGTabBar.m; sourceTree = "<group>"; };
		A402D6FD1C71CA8100F11B4B /* YGNavigationViewController.h */ = {isa = PBXFileReference; fileEncoding = 4; lastKnownFileType = sourcecode.c.h; path = YGNavigationViewController.h; sourceTree = "<group>"; };
		A402D6FE1C71CA8100F11B4B /* YGNavigationViewController.m */ = {isa = PBXFileReference; fileEncoding = 4; lastKnownFileType = sourcecode.c.objc; path = YGNavigationViewController.m; sourceTree = "<group>"; };
		A426D1AB1C6DBDA3007A99E9 /* Assets.xcassets */ = {isa = PBXFileReference; lastKnownFileType = folder.assetcatalog; path = Assets.xcassets; sourceTree = "<group>"; };
		A4290E481C81696500475C24 /* YGPublishView.h */ = {isa = PBXFileReference; fileEncoding = 4; lastKnownFileType = sourcecode.c.h; path = YGPublishView.h; sourceTree = "<group>"; };
		A4290E491C81696500475C24 /* YGPublishView.m */ = {isa = PBXFileReference; fileEncoding = 4; lastKnownFileType = sourcecode.c.objc; path = YGPublishView.m; sourceTree = "<group>"; };
		A4290E4A1C81696500475C24 /* YGPublishView.xib */ = {isa = PBXFileReference; fileEncoding = 4; lastKnownFileType = file.xib; path = YGPublishView.xib; sourceTree = "<group>"; };
		A4290E4D1C81EDFA00475C24 /* YGVoiceView.h */ = {isa = PBXFileReference; fileEncoding = 4; lastKnownFileType = sourcecode.c.h; name = YGVoiceView.h; path = "百思不得姐/Classes/Other/Controller/YGVoiceView.h"; sourceTree = SOURCE_ROOT; };
		A4290E4E1C81EDFA00475C24 /* YGVoiceView.m */ = {isa = PBXFileReference; fileEncoding = 4; lastKnownFileType = sourcecode.c.objc; name = YGVoiceView.m; path = "百思不得姐/Classes/Other/Controller/YGVoiceView.m"; sourceTree = SOURCE_ROOT; };
		A4290E501C81EE1800475C24 /* YGVoiceView.xib */ = {isa = PBXFileReference; fileEncoding = 4; lastKnownFileType = file.xib; name = YGVoiceView.xib; path = "百思不得姐/Classes/Other/Controller/YGVoiceView.xib"; sourceTree = SOURCE_ROOT; };
		A42D5CE31C8858A500886B8F /* YGCommentHeaderView.h */ = {isa = PBXFileReference; fileEncoding = 4; lastKnownFileType = sourcecode.c.h; name = YGCommentHeaderView.h; path = "百思不得姐/Classes/Essence/Controller/YGCommentHeaderView.h"; sourceTree = SOURCE_ROOT; };
		A42D5CE41C8858A500886B8F /* YGCommentHeaderView.m */ = {isa = PBXFileReference; fileEncoding = 4; lastKnownFileType = sourcecode.c.objc; name = YGCommentHeaderView.m; path = "百思不得姐/Classes/Essence/Controller/YGCommentHeaderView.m"; sourceTree = SOURCE_ROOT; };
		A44C89181C86BBDA009E9DAF /* YGProgressView.h */ = {isa = PBXFileReference; fileEncoding = 4; lastKnownFileType = sourcecode.c.h; name = YGProgressView.h; path = "百思不得姐/Classes/Essence/Controller/YGProgressView.h"; sourceTree = SOURCE_ROOT; };
		A44C89191C86BBDA009E9DAF /* YGProgressView.m */ = {isa = PBXFileReference; fileEncoding = 4; lastKnownFileType = sourcecode.c.objc; name = YGProgressView.m; path = "百思不得姐/Classes/Essence/Controller/YGProgressView.m"; sourceTree = SOURCE_ROOT; };
		A46C22F11C880E66002CD6A2 /* YGUser.h */ = {isa = PBXFileReference; fileEncoding = 4; lastKnownFileType = sourcecode.c.h; name = YGUser.h; path = "百思不得姐/Classes/Essence/Controller/YGUser.h"; sourceTree = SOURCE_ROOT; };
		A46C22F21C880E66002CD6A2 /* YGUser.m */ = {isa = PBXFileReference; fileEncoding = 4; lastKnownFileType = sourcecode.c.objc; name = YGUser.m; path = "百思不得姐/Classes/Essence/Controller/YGUser.m"; sourceTree = SOURCE_ROOT; };
		A46C22F41C88107D002CD6A2 /* YGComment.h */ = {isa = PBXFileReference; fileEncoding = 4; lastKnownFileType = sourcecode.c.h; name = YGComment.h; path = "百思不得姐/Classes/Essence/Controller/YGComment.h"; sourceTree = SOURCE_ROOT; };
		A46C22F51C88107D002CD6A2 /* YGComment.m */ = {isa = PBXFileReference; fileEncoding = 4; lastKnownFileType = sourcecode.c.objc; name = YGComment.m; path = "百思不得姐/Classes/Essence/Controller/YGComment.m"; sourceTree = SOURCE_ROOT; };
		A46C22F71C8822D7002CD6A2 /* YGCommentViewController.h */ = {isa = PBXFileReference; fileEncoding = 4; lastKnownFileType = sourcecode.c.h; path = YGCommentViewController.h; sourceTree = "<group>"; };
		A46C22F81C8822D7002CD6A2 /* YGCommentViewController.m */ = {isa = PBXFileReference; fileEncoding = 4; lastKnownFileType = sourcecode.c.objc; path = YGCommentViewController.m; sourceTree = "<group>"; };
		A46C22F91C8822D7002CD6A2 /* YGCommentViewController.xib */ = {isa = PBXFileReference; fileEncoding = 4; lastKnownFileType = file.xib; path = YGCommentViewController.xib; sourceTree = "<group>"; };
		A46E20C81C798A6300E9758B /* YGPushGuideView.h */ = {isa = PBXFileReference; fileEncoding = 4; lastKnownFileType = sourcecode.c.h; path = YGPushGuideView.h; sourceTree = "<group>"; };
		A46E20C91C798A6300E9758B /* YGPushGuideView.m */ = {isa = PBXFileReference; fileEncoding = 4; lastKnownFileType = sourcecode.c.objc; path = YGPushGuideView.m; sourceTree = "<group>"; };
		A46E20CB1C798A8F00E9758B /* YGPushGuideView.xib */ = {isa = PBXFileReference; fileEncoding = 4; lastKnownFileType = file.xib; path = YGPushGuideView.xib; sourceTree = "<group>"; };
		A4766E301C802E0C00A4E048 /* YGPictureView.h */ = {isa = PBXFileReference; fileEncoding = 4; lastKnownFileType = sourcecode.c.h; name = YGPictureView.h; path = "百思不得姐/Classes/Essence/Controller/YGPictureView.h"; sourceTree = SOURCE_ROOT; };
		A4766E311C802E0C00A4E048 /* YGPictureView.m */ = {isa = PBXFileReference; fileEncoding = 4; lastKnownFileType = sourcecode.c.objc; name = YGPictureView.m; path = "百思不得姐/Classes/Essence/Controller/YGPictureView.m"; sourceTree = SOURCE_ROOT; };
		A4766E331C802E3800A4E048 /* YGPictureView.xib */ = {isa = PBXFileReference; fileEncoding = 4; lastKnownFileType = file.xib; name = YGPictureView.xib; path = "百思不得姐/Classes/Essence/Controller/YGPictureView.xib"; sourceTree = SOURCE_ROOT; };
		A47EF7791C6CCB4700AC9E6A /* 百思不得姐.app */ = {isa = PBXFileReference; explicitFileType = wrapper.application; includeInIndex = 0; path = "百思不得姐.app"; sourceTree = BUILT_PRODUCTS_DIR; };
		A47EF78D1C6CCB4700AC9E6A /* Info.plist */ = {isa = PBXFileReference; lastKnownFileType = text.plist.xml; path = Info.plist; sourceTree = "<group>"; };
		A47EF7921C6CCB4700AC9E6A /* 百思不得姐Tests.xctest */ = {isa = PBXFileReference; explicitFileType = wrapper.cfbundle; includeInIndex = 0; path = "百思不得姐Tests.xctest"; sourceTree = BUILT_PRODUCTS_DIR; };
		A47EF7961C6CCB4700AC9E6A /* _____Tests.m */ = {isa = PBXFileReference; lastKnownFileType = sourcecode.c.objc; path = "_____Tests.m"; sourceTree = "<group>"; };
		A47EF7981C6CCB4700AC9E6A /* Info.plist */ = {isa = PBXFileReference; lastKnownFileType = text.plist.xml; path = Info.plist; sourceTree = "<group>"; };
		A47EF79D1C6CCB4700AC9E6A /* 百思不得姐UITests.xctest */ = {isa = PBXFileReference; explicitFileType = wrapper.cfbundle; includeInIndex = 0; path = "百思不得姐UITests.xctest"; sourceTree = BUILT_PRODUCTS_DIR; };
		A47EF7A11C6CCB4700AC9E6A /* _____UITests.m */ = {isa = PBXFileReference; lastKnownFileType = sourcecode.c.objc; path = "_____UITests.m"; sourceTree = "<group>"; };
		A47EF7A31C6CCB4700AC9E6A /* Info.plist */ = {isa = PBXFileReference; lastKnownFileType = text.plist.xml; path = Info.plist; sourceTree = "<group>"; };
		A4ACBE6C1C7227B3002E26E3 /* YGFriendTrendsView.xib */ = {isa = PBXFileReference; fileEncoding = 4; lastKnownFileType = file.xib; path = YGFriendTrendsView.xib; sourceTree = "<group>"; };
		A4B08FF81C74A979009DCA14 /* YGRecommendViewController.h */ = {isa = PBXFileReference; fileEncoding = 4; lastKnownFileType = sourcecode.c.h; path = YGRecommendViewController.h; sourceTree = "<group>"; };
		A4B08FF91C74A979009DCA14 /* YGRecommendViewController.m */ = {isa = PBXFileReference; fileEncoding = 4; lastKnownFileType = sourcecode.c.objc; path = YGRecommendViewController.m; sourceTree = "<group>"; };
		A4B08FFA1C74A979009DCA14 /* YGRecommendViewController.xib */ = {isa = PBXFileReference; fileEncoding = 4; lastKnownFileType = file.xib; path = YGRecommendViewController.xib; sourceTree = "<group>"; };
		A4B08FFD1C74B1C8009DCA14 /* YGRecommendCategroy.h */ = {isa = PBXFileReference; fileEncoding = 4; lastKnownFileType = sourcecode.c.h; name = YGRecommendCategroy.h; path = "百思不得姐/Classes/FriendTrends/Controller/YGRecommendCategroy.h"; sourceTree = SOURCE_ROOT; };
		A4B08FFE1C74B1C8009DCA14 /* YGRecommendCategroy.m */ = {isa = PBXFileReference; fileEncoding = 4; lastKnownFileType = sourcecode.c.objc; name = YGRecommendCategroy.m; path = "百思不得姐/Classes/FriendTrends/Controller/YGRecommendCategroy.m"; sourceTree = SOURCE_ROOT; };
		A4B090001C74B257009DCA14 /* YGRecommendViewCell.h */ = {isa = PBXFileReference; fileEncoding = 4; lastKnownFileType = sourcecode.c.h; name = YGRecommendViewCell.h; path = "百思不得姐/Classes/FriendTrends/Controller/YGRecommendViewCell.h"; sourceTree = SOURCE_ROOT; };
		A4B090011C74B257009DCA14 /* YGRecommendViewCell.m */ = {isa = PBXFileReference; fileEncoding = 4; lastKnownFileType = sourcecode.c.objc; name = YGRecommendViewCell.m; path = "百思不得姐/Classes/FriendTrends/Controller/YGRecommendViewCell.m"; sourceTree = SOURCE_ROOT; };
		A4B090021C74B257009DCA14 /* YGRecommendViewCell.xib */ = {isa = PBXFileReference; fileEncoding = 4; lastKnownFileType = file.xib; name = YGRecommendViewCell.xib; path = "百思不得姐/Classes/FriendTrends/Controller/YGRecommendViewCell.xib"; sourceTree = SOURCE_ROOT; };
		A4B090051C74B845009DCA14 /* Foundation+Log.m */ = {isa = PBXFileReference; fileEncoding = 4; lastKnownFileType = sourcecode.c.objc; path = "Foundation+Log.m"; sourceTree = "<group>"; };
		A4B090071C759420009DCA14 /* YGUserTableViewCell.h */ = {isa = PBXFileReference; fileEncoding = 4; lastKnownFileType = sourcecode.c.h; name = YGUserTableViewCell.h; path = "百思不得姐/Classes/FriendTrends/Controller/YGUserTableViewCell.h"; sourceTree = SOURCE_ROOT; };
		A4B090081C759420009DCA14 /* YGUserTableViewCell.m */ = {isa = PBXFileReference; fileEncoding = 4; lastKnownFileType = sourcecode.c.objc; name = YGUserTableViewCell.m; path = "百思不得姐/Classes/FriendTrends/Controller/YGUserTableViewCell.m"; sourceTree = SOURCE_ROOT; };
		A4B090091C759420009DCA14 /* YGUserTableViewCell.xib */ = {isa = PBXFileReference; fileEncoding = 4; lastKnownFileType = file.xib; name = YGUserTableViewCell.xib; path = "百思不得姐/Classes/FriendTrends/Controller/YGUserTableViewCell.xib"; sourceTree = SOURCE_ROOT; };
		A4B0900D1C7598B0009DCA14 /* YGRecommendUser.h */ = {isa = PBXFileReference; fileEncoding = 4; lastKnownFileType = sourcecode.c.h; name = YGRecommendUser.h; path = "百思不得姐/Classes/FriendTrends/Controller/YGRecommendUser.h"; sourceTree = SOURCE_ROOT; };
		A4B0900E1C7598B0009DCA14 /* YGRecommendUser.m */ = {isa = PBXFileReference; fileEncoding = 4; lastKnownFileType = sourcecode.c.objc; name = YGRecommendUser.m; path = "百思不得姐/Classes/FriendTrends/Controller/YGRecommendUser.m"; sourceTree = SOURCE_ROOT; };
		A4B867501C7ED96B00C28154 /* YGTopic.h */ = {isa = PBXFileReference; fileEncoding = 4; lastKnownFileType = sourcecode.c.h; name = YGTopic.h; path = "百思不得姐/Classes/Essence/Controller/YGTopic.h"; sourceTree = SOURCE_ROOT; };
		A4B867511C7ED96B00C28154 /* YGTopic.m */ = {isa = PBXFileReference; fileEncoding = 4; lastKnownFileType = sourcecode.c.objc; name = YGTopic.m; path = "百思不得姐/Classes/Essence/Controller/YGTopic.m"; sourceTree = SOURCE_ROOT; };
		A4B867531C7EF06C00C28154 /* YGConst.h */ = {isa = PBXFileReference; fileEncoding = 4; lastKnownFileType = sourcecode.c.h; path = YGConst.h; sourceTree = "<group>"; };
		A4B867541C7EF06C00C28154 /* YGConst.m */ = {isa = PBXFileReference; fileEncoding = 4; lastKnownFileType = sourcecode.c.objc; path = YGConst.m; sourceTree = "<group>"; };
		A4B867561C7EF40A00C28154 /* YGTopicCell.h */ = {isa = PBXFileReference; fileEncoding = 4; lastKnownFileType = sourcecode.c.h; name = YGTopicCell.h; path = "百思不得姐/Classes/Other/YGTopicCell.h"; sourceTree = SOURCE_ROOT; };
		A4B867571C7EF40A00C28154 /* YGTopicCell.m */ = {isa = PBXFileReference; fileEncoding = 4; lastKnownFileType = sourcecode.c.objc; name = YGTopicCell.m; path = "百思不得姐/Classes/Other/YGTopicCell.m"; sourceTree = SOURCE_ROOT; };
		A4B867581C7EF40A00C28154 /* YGTopicCell.xib */ = {isa = PBXFileReference; fileEncoding = 4; lastKnownFileType = file.xib; name = YGTopicCell.xib; path = "百思不得姐/Classes/Other/YGTopicCell.xib"; sourceTree = SOURCE_ROOT; };
		A4B8675B1C7F39D000C28154 /* NSDate+Extension.h */ = {isa = PBXFileReference; fileEncoding = 4; lastKnownFileType = sourcecode.c.h; path = "NSDate+Extension.h"; sourceTree = "<group>"; };
		A4B8675C1C7F39D000C28154 /* NSDate+Extension.m */ = {isa = PBXFileReference; fileEncoding = 4; lastKnownFileType = sourcecode.c.objc; path = "NSDate+Extension.m"; sourceTree = "<group>"; };
		A4B8675E1C7F4AA100C28154 /* YGBaseViewController.h */ = {isa = PBXFileReference; fileEncoding = 4; lastKnownFileType = sourcecode.c.h; path = YGBaseViewController.h; sourceTree = "<group>"; };
		A4B8675F1C7F4AA100C28154 /* YGBaseViewController.m */ = {isa = PBXFileReference; fileEncoding = 4; lastKnownFileType = sourcecode.c.objc; path = YGBaseViewController.m; sourceTree = "<group>"; };
		A4C1BBAE1C82BC880059C3D1 /* YGVideoView.h */ = {isa = PBXFileReference; fileEncoding = 4; lastKnownFileType = sourcecode.c.h; name = YGVideoView.h; path = "百思不得姐/Classes/Other/Controller/YGVideoView.h"; sourceTree = SOURCE_ROOT; };
		A4C1BBAF1C82BC880059C3D1 /* YGVideoView.m */ = {isa = PBXFileReference; fileEncoding = 4; lastKnownFileType = sourcecode.c.objc; name = YGVideoView.m; path = "百思不得姐/Classes/Other/Controller/YGVideoView.m"; sourceTree = SOURCE_ROOT; };
		A4C1BBB31C82CB650059C3D1 /* YGVideoView.xib */ = {isa = PBXFileReference; fileEncoding = 4; lastKnownFileType = file.xib; name = YGVideoView.xib; path = "百思不得姐/Classes/Other/Controller/YGVideoView.xib"; sourceTree = SOURCE_ROOT; };
		A4C1BBB51C82E8D90059C3D1 /* YGBigPictureController.h */ = {isa = PBXFileReference; fileEncoding = 4; lastKnownFileType = sourcecode.c.h; path = YGBigPictureController.h; sourceTree = "<group>"; };
		A4C1BBB61C82E8D90059C3D1 /* YGBigPictureController.m */ = {isa = PBXFileReference; fileEncoding = 4; lastKnownFileType = sourcecode.c.objc; path = YGBigPictureController.m; sourceTree = "<group>"; };
		A4C1BBB71C82E8D90059C3D1 /* YGBigPictureController.xib */ = {isa = PBXFileReference; fileEncoding = 4; lastKnownFileType = file.xib; path = YGBigPictureController.xib; sourceTree = "<group>"; };
		A4E91CB71C787528006E4DCB /* YGLoginRegisterViewController.h */ = {isa = PBXFileReference; fileEncoding = 4; lastKnownFileType = sourcecode.c.h; path = YGLoginRegisterViewController.h; sourceTree = "<group>"; };
		A4E91CB81C787528006E4DCB /* YGLoginRegisterViewController.m */ = {isa = PBXFileReference; fileEncoding = 4; lastKnownFileType = sourcecode.c.objc; path = YGLoginRegisterViewController.m; sourceTree = "<group>"; };
		A4E91CB91C787528006E4DCB /* YGLoginRegisterViewController.xib */ = {isa = PBXFileReference; fileEncoding = 4; lastKnownFileType = file.xib; path = YGLoginRegisterViewController.xib; sourceTree = "<group>"; };
		A4E91CBC1C78852B006E4DCB /* YGOtherLoginButton.h */ = {isa = PBXFileReference; fileEncoding = 4; lastKnownFileType = sourcecode.c.h; name = YGOtherLoginButton.h; path = "百思不得姐/Classes/FriendTrends/Controller/YGOtherLoginButton.h"; sourceTree = SOURCE_ROOT; };
		A4E91CBD1C78852B006E4DCB /* YGOtherLoginButton.m */ = {isa = PBXFileReference; fileEncoding = 4; lastKnownFileType = sourcecode.c.objc; name = YGOtherLoginButton.m; path = "百思不得姐/Classes/FriendTrends/Controller/YGOtherLoginButton.m"; sourceTree = SOURCE_ROOT; };
		A4E91CBF1C78A4D6006E4DCB /* YGTextField.h */ = {isa = PBXFileReference; fileEncoding = 4; lastKnownFileType = sourcecode.c.h; name = YGTextField.h; path = "百思不得姐/Classes/FriendTrends/Controller/YGTextField.h"; sourceTree = SOURCE_ROOT; };
		A4E91CC01C78A4D6006E4DCB /* YGTextField.m */ = {isa = PBXFileReference; fileEncoding = 4; lastKnownFileType = sourcecode.c.objc; name = YGTextField.m; path = "百思不得姐/Classes/FriendTrends/Controller/YGTextField.m"; sourceTree = SOURCE_ROOT; };
		A4EFE4441C76047500B0B2E5 /* YGRecommendTagsController.h */ = {isa = PBXFileReference; fileEncoding = 4; lastKnownFileType = sourcecode.c.h; path = YGRecommendTagsController.h; sourceTree = "<group>"; };
		A4EFE4451C76047500B0B2E5 /* YGRecommendTagsController.m */ = {isa = PBXFileReference; fileEncoding = 4; lastKnownFileType = sourcecode.c.objc; path = YGRecommendTagsController.m; sourceTree = "<group>"; };
		A4EFE4471C76076B00B0B2E5 /* YGRecommendTag.h */ = {isa = PBXFileReference; fileEncoding = 4; lastKnownFileType = sourcecode.c.h; name = YGRecommendTag.h; path = "百思不得姐/Classes/Essence/Controller/YGRecommendTag.h"; sourceTree = SOURCE_ROOT; };
		A4EFE4481C76076B00B0B2E5 /* YGRecommendTag.m */ = {isa = PBXFileReference; fileEncoding = 4; lastKnownFileType = sourcecode.c.objc; name = YGRecommendTag.m; path = "百思不得姐/Classes/Essence/Controller/YGRecommendTag.m"; sourceTree = SOURCE_ROOT; };
		A4EFE44A1C760A1800B0B2E5 /* YGRecommendTagCell.h */ = {isa = PBXFileReference; fileEncoding = 4; lastKnownFileType = sourcecode.c.h; name = YGRecommendTagCell.h; path = "百思不得姐/Classes/Essence/Controller/YGRecommendTagCell.h"; sourceTree = SOURCE_ROOT; };
		A4EFE44B1C760A1800B0B2E5 /* YGRecommendTagCell.m */ = {isa = PBXFileReference; fileEncoding = 4; lastKnownFileType = sourcecode.c.objc; name = YGRecommendTagCell.m; path = "百思不得姐/Classes/Essence/Controller/YGRecommendTagCell.m"; sourceTree = SOURCE_ROOT; };
		A4EFE44C1C760A1800B0B2E5 /* YGRecommendTagCell.xib */ = {isa = PBXFileReference; fileEncoding = 4; lastKnownFileType = file.xib; name = YGRecommendTagCell.xib; path = "百思不得姐/Classes/Essence/Controller/YGRecommendTagCell.xib"; sourceTree = SOURCE_ROOT; };
		B3631F45F81BE48A37EB2845 /* Pods.release.xcconfig */ = {isa = PBXFileReference; includeInIndex = 1; lastKnownFileType = text.xcconfig; name = Pods.release.xcconfig; path = "Pods/Target Support Files/Pods/Pods.release.xcconfig"; sourceTree = "<group>"; };
/* End PBXFileReference section */

/* Begin PBXFrameworksBuildPhase section */
		A47EF7761C6CCB4600AC9E6A /* Frameworks */ = {
			isa = PBXFrameworksBuildPhase;
			buildActionMask = 2147483647;
			files = (
				CA447F2F86AD378C4658944D /* libPods.a in Frameworks */,
			);
			runOnlyForDeploymentPostprocessing = 0;
		};
		A47EF78F1C6CCB4700AC9E6A /* Frameworks */ = {
			isa = PBXFrameworksBuildPhase;
			buildActionMask = 2147483647;
			files = (
			);
			runOnlyForDeploymentPostprocessing = 0;
		};
		A47EF79A1C6CCB4700AC9E6A /* Frameworks */ = {
			isa = PBXFrameworksBuildPhase;
			buildActionMask = 2147483647;
			files = (
			);
			runOnlyForDeploymentPostprocessing = 0;
		};
/* End PBXFrameworksBuildPhase section */

/* Begin PBXGroup section */
		7C5403F5DE7E93D2A7E30FC5 /* Frameworks */ = {
			isa = PBXGroup;
			children = (
				4DAF3404B389FD655BF642EF /* libPods.a */,
			);
			name = Frameworks;
			sourceTree = "<group>";
		};
		A402D6C01C71BB1000F11B4B /* Classes */ = {
			isa = PBXGroup;
			children = (
				A402D6C11C71BB1000F11B4B /* Essence */,
				A402D6D31C71BB1000F11B4B /* New */,
				A402D6C71C71BB1000F11B4B /* FriendTrends */,
				A402D6CD1C71BB1000F11B4B /* Me */,
				A402D6D91C71BB1000F11B4B /* Other */,
			);
			path = Classes;
			sourceTree = "<group>";
		};
		A402D6C11C71BB1000F11B4B /* Essence */ = {
			isa = PBXGroup;
			children = (
				A402D6C21C71BB1000F11B4B /* Controller */,
				A402D6C51C71BB1000F11B4B /* Model */,
				A402D6C61C71BB1000F11B4B /* View */,
			);
			path = Essence;
			sourceTree = "<group>";
		};
		A402D6C21C71BB1000F11B4B /* Controller */ = {
			isa = PBXGroup;
			children = (
				A402D6C31C71BB1000F11B4B /* YGEssenceViewController.h */,
				A402D6C41C71BB1000F11B4B /* YGEssenceViewController.m */,
				A4EFE4441C76047500B0B2E5 /* YGRecommendTagsController.h */,
				A4EFE4451C76047500B0B2E5 /* YGRecommendTagsController.m */,
				A4B8675E1C7F4AA100C28154 /* YGBaseViewController.h */,
				A4B8675F1C7F4AA100C28154 /* YGBaseViewController.m */,
				A4C1BBB51C82E8D90059C3D1 /* YGBigPictureController.h */,
				A4C1BBB61C82E8D90059C3D1 /* YGBigPictureController.m */,
				A4C1BBB71C82E8D90059C3D1 /* YGBigPictureController.xib */,
				A46C22F71C8822D7002CD6A2 /* YGCommentViewController.h */,
				A46C22F81C8822D7002CD6A2 /* YGCommentViewController.m */,
				A46C22F91C8822D7002CD6A2 /* YGCommentViewController.xib */,
			);
			path = Controller;
			sourceTree = "<group>";
		};
		A402D6C51C71BB1000F11B4B /* Model */ = {
			isa = PBXGroup;
			children = (
				A4EFE4471C76076B00B0B2E5 /* YGRecommendTag.h */,
				A4EFE4481C76076B00B0B2E5 /* YGRecommendTag.m */,
				A4B867501C7ED96B00C28154 /* YGTopic.h */,
				A4B867511C7ED96B00C28154 /* YGTopic.m */,
				A46C22F11C880E66002CD6A2 /* YGUser.h */,
				A46C22F21C880E66002CD6A2 /* YGUser.m */,
				A46C22F41C88107D002CD6A2 /* YGComment.h */,
				A46C22F51C88107D002CD6A2 /* YGComment.m */,
			);
			path = Model;
			sourceTree = "<group>";
		};
		A402D6C61C71BB1000F11B4B /* View */ = {
			isa = PBXGroup;
			children = (
				A4EFE44A1C760A1800B0B2E5 /* YGRecommendTagCell.h */,
				A4EFE44B1C760A1800B0B2E5 /* YGRecommendTagCell.m */,
				A4EFE44C1C760A1800B0B2E5 /* YGRecommendTagCell.xib */,
				A4B867561C7EF40A00C28154 /* YGTopicCell.h */,
				A4B867571C7EF40A00C28154 /* YGTopicCell.m */,
				A4B867581C7EF40A00C28154 /* YGTopicCell.xib */,
				A4766E301C802E0C00A4E048 /* YGPictureView.h */,
				A4766E311C802E0C00A4E048 /* YGPictureView.m */,
				A4766E331C802E3800A4E048 /* YGPictureView.xib */,
				A4290E4D1C81EDFA00475C24 /* YGVoiceView.h */,
				A4290E4E1C81EDFA00475C24 /* YGVoiceView.m */,
				A4290E501C81EE1800475C24 /* YGVoiceView.xib */,
				A4C1BBAE1C82BC880059C3D1 /* YGVideoView.h */,
				A4C1BBAF1C82BC880059C3D1 /* YGVideoView.m */,
				A4C1BBB31C82CB650059C3D1 /* YGVideoView.xib */,
				A44C89181C86BBDA009E9DAF /* YGProgressView.h */,
				A44C89191C86BBDA009E9DAF /* YGProgressView.m */,
				A42D5CE31C8858A500886B8F /* YGCommentHeaderView.h */,
				A42D5CE41C8858A500886B8F /* YGCommentHeaderView.m */,
			);
			path = View;
			sourceTree = "<group>";
		};
		A402D6C71C71BB1000F11B4B /* FriendTrends */ = {
			isa = PBXGroup;
			children = (
				A402D6C81C71BB1000F11B4B /* Controller */,
				A402D6CB1C71BB1000F11B4B /* Model */,
				A402D6CC1C71BB1000F11B4B /* View */,
			);
			path = FriendTrends;
			sourceTree = "<group>";
		};
		A402D6C81C71BB1000F11B4B /* Controller */ = {
			isa = PBXGroup;
			children = (
				A402D6C91C71BB1000F11B4B /* YGFriendTrendsViewController.h */,
				A402D6CA1C71BB1000F11B4B /* YGFriendTrendsViewController.m */,
				A4ACBE6C1C7227B3002E26E3 /* YGFriendTrendsView.xib */,
				A4B08FF81C74A979009DCA14 /* YGRecommendViewController.h */,
				A4B08FF91C74A979009DCA14 /* YGRecommendViewController.m */,
				A4B08FFA1C74A979009DCA14 /* YGRecommendViewController.xib */,
				A4E91CB71C787528006E4DCB /* YGLoginRegisterViewController.h */,
				A4E91CB81C787528006E4DCB /* YGLoginRegisterViewController.m */,
				A4E91CB91C787528006E4DCB /* YGLoginRegisterViewController.xib */,
			);
			path = Controller;
			sourceTree = "<group>";
		};
		A402D6CB1C71BB1000F11B4B /* Model */ = {
			isa = PBXGroup;
			children = (
				A4B08FFD1C74B1C8009DCA14 /* YGRecommendCategroy.h */,
				A4B08FFE1C74B1C8009DCA14 /* YGRecommendCategroy.m */,
				A4B0900D1C7598B0009DCA14 /* YGRecommendUser.h */,
				A4B0900E1C7598B0009DCA14 /* YGRecommendUser.m */,
			);
			path = Model;
			sourceTree = "<group>";
		};
		A402D6CC1C71BB1000F11B4B /* View */ = {
			isa = PBXGroup;
			children = (
				A4B090001C74B257009DCA14 /* YGRecommendViewCell.h */,
				A4B090011C74B257009DCA14 /* YGRecommendViewCell.m */,
				A4B090021C74B257009DCA14 /* YGRecommendViewCell.xib */,
				A4B090071C759420009DCA14 /* YGUserTableViewCell.h */,
				A4B090081C759420009DCA14 /* YGUserTableViewCell.m */,
				A4B090091C759420009DCA14 /* YGUserTableViewCell.xib */,
				A4E91CBC1C78852B006E4DCB /* YGOtherLoginButton.h */,
				A4E91CBD1C78852B006E4DCB /* YGOtherLoginButton.m */,
				A4E91CBF1C78A4D6006E4DCB /* YGTextField.h */,
				A4E91CC01C78A4D6006E4DCB /* YGTextField.m */,
			);
			path = View;
			sourceTree = "<group>";
		};
		A402D6CD1C71BB1000F11B4B /* Me */ = {
			isa = PBXGroup;
			children = (
				A402D6CE1C71BB1000F11B4B /* Controller */,
				A402D6D11C71BB1000F11B4B /* Model */,
				A402D6D21C71BB1000F11B4B /* View */,
			);
			path = Me;
			sourceTree = "<group>";
		};
		A402D6CE1C71BB1000F11B4B /* Controller */ = {
			isa = PBXGroup;
			children = (
				A402D6CF1C71BB1000F11B4B /* YGMeViewController.h */,
				A402D6D01C71BB1000F11B4B /* YGMeViewController.m */,
			);
			path = Controller;
			sourceTree = "<group>";
		};
		A402D6D11C71BB1000F11B4B /* Model */ = {
			isa = PBXGroup;
			children = (
			);
			path = Model;
			sourceTree = "<group>";
		};
		A402D6D21C71BB1000F11B4B /* View */ = {
			isa = PBXGroup;
			children = (
			);
			path = View;
			sourceTree = "<group>";
		};
		A402D6D31C71BB1000F11B4B /* New */ = {
			isa = PBXGroup;
			children = (
				A402D6D41C71BB1000F11B4B /* Controller */,
				A402D6D71C71BB1000F11B4B /* Model */,
				A402D6D81C71BB1000F11B4B /* View */,
			);
			path = New;
			sourceTree = "<group>";
		};
		A402D6D41C71BB1000F11B4B /* Controller */ = {
			isa = PBXGroup;
			children = (
				A402D6D51C71BB1000F11B4B /* YGNewViewController.h */,
				A402D6D61C71BB1000F11B4B /* YGNewViewController.m */,
			);
			path = Controller;
			sourceTree = "<group>";
		};
		A402D6D71C71BB1000F11B4B /* Model */ = {
			isa = PBXGroup;
			children = (
			);
			path = Model;
			sourceTree = "<group>";
		};
		A402D6D81C71BB1000F11B4B /* View */ = {
			isa = PBXGroup;
			children = (
			);
			path = View;
			sourceTree = "<group>";
		};
		A402D6D91C71BB1000F11B4B /* Other */ = {
			isa = PBXGroup;
			children = (
				A402D6E51C71BB1000F11B4B /* Model */,
				A402D6DC1C71BB1000F11B4B /* Category */,
				A402D6E11C71BB1000F11B4B /* Controller */,
				A402D6E71C71BB1000F11B4B /* View */,
				A402D6DA1C71BB1000F11B4B /* AppDelegate.h */,
				A402D6DB1C71BB1000F11B4B /* AppDelegate.m */,
				A402D6E41C71BB1000F11B4B /* main.m */,
				A402D6E61C71BB1000F11B4B /* PrefixHeader.pch */,
				A4B090051C74B845009DCA14 /* Foundation+Log.m */,
				A4B867531C7EF06C00C28154 /* YGConst.h */,
				A4B867541C7EF06C00C28154 /* YGConst.m */,
			);
			path = Other;
			sourceTree = "<group>";
		};
		A402D6DC1C71BB1000F11B4B /* Category */ = {
			isa = PBXGroup;
			children = (
				A402D6DD1C71BB1000F11B4B /* UIBarButtonItem+YGExtension.h */,
				A402D6DE1C71BB1000F11B4B /* UIBarButtonItem+YGExtension.m */,
				A402D6DF1C71BB1000F11B4B /* UIView+YGExtension.h */,
				A402D6E01C71BB1000F11B4B /* UIView+YGExtension.m */,
				A4B8675B1C7F39D000C28154 /* NSDate+Extension.h */,
				A4B8675C1C7F39D000C28154 /* NSDate+Extension.m */,
			);
			path = Category;
			sourceTree = "<group>";
		};
		A402D6E11C71BB1000F11B4B /* Controller */ = {
			isa = PBXGroup;
			children = (
				A402D6E21C71BB1000F11B4B /* YGTabBarController.h */,
				A402D6E31C71BB1000F11B4B /* YGTabBarController.m */,
				A402D6FD1C71CA8100F11B4B /* YGNavigationViewController.h */,
				A402D6FE1C71CA8100F11B4B /* YGNavigationViewController.m */,
				A4290E481C81696500475C24 /* YGPublishView.h */,
				A4290E491C81696500475C24 /* YGPublishView.m */,
				A4290E4A1C81696500475C24 /* YGPublishView.xib */,
			);
			path = Controller;
			sourceTree = "<group>";
		};
		A402D6E51C71BB1000F11B4B /* Model */ = {
			isa = PBXGroup;
			children = (
			);
			path = Model;
			sourceTree = "<group>";
		};
		A402D6E71C71BB1000F11B4B /* View */ = {
			isa = PBXGroup;
			children = (
				A402D6E81C71BB1000F11B4B /* YGTabBar.h */,
				A402D6E91C71BB1000F11B4B /* YGTabBar.m */,
				A46E20C81C798A6300E9758B /* YGPushGuideView.h */,
				A46E20C91C798A6300E9758B /* YGPushGuideView.m */,
				A46E20CB1C798A8F00E9758B /* YGPushGuideView.xib */,
			);
			path = View;
			sourceTree = "<group>";
		};
		A47EF7701C6CCB4600AC9E6A = {
			isa = PBXGroup;
			children = (
				A47EF77B1C6CCB4700AC9E6A /* 百思不得姐 */,
				A47EF7951C6CCB4700AC9E6A /* 百思不得姐Tests */,
				A47EF7A01C6CCB4700AC9E6A /* 百思不得姐UITests */,
				A47EF77A1C6CCB4700AC9E6A /* Products */,
				C76A2AF2249E39D31475BC04 /* Pods */,
				7C5403F5DE7E93D2A7E30FC5 /* Frameworks */,
			);
			sourceTree = "<group>";
		};
		A47EF77A1C6CCB4700AC9E6A /* Products */ = {
			isa = PBXGroup;
			children = (
				A47EF7791C6CCB4700AC9E6A /* 百思不得姐.app */,
				A47EF7921C6CCB4700AC9E6A /* 百思不得姐Tests.xctest */,
				A47EF79D1C6CCB4700AC9E6A /* 百思不得姐UITests.xctest */,
			);
			name = Products;
			sourceTree = "<group>";
		};
		A47EF77B1C6CCB4700AC9E6A /* 百思不得姐 */ = {
			isa = PBXGroup;
			children = (
				A402D6C01C71BB1000F11B4B /* Classes */,
				A47EF77C1C6CCB4700AC9E6A /* Supporting Files */,
			);
			path = "百思不得姐";
			sourceTree = "<group>";
		};
		A47EF77C1C6CCB4700AC9E6A /* Supporting Files */ = {
			isa = PBXGroup;
			children = (
				A426D1AB1C6DBDA3007A99E9 /* Assets.xcassets */,
				A47EF78D1C6CCB4700AC9E6A /* Info.plist */,
			);
			name = "Supporting Files";
			sourceTree = "<group>";
		};
		A47EF7951C6CCB4700AC9E6A /* 百思不得姐Tests */ = {
			isa = PBXGroup;
			children = (
				A47EF7961C6CCB4700AC9E6A /* _____Tests.m */,
				A47EF7981C6CCB4700AC9E6A /* Info.plist */,
			);
			path = "百思不得姐Tests";
			sourceTree = "<group>";
		};
		A47EF7A01C6CCB4700AC9E6A /* 百思不得姐UITests */ = {
			isa = PBXGroup;
			children = (
				A47EF7A11C6CCB4700AC9E6A /* _____UITests.m */,
				A47EF7A31C6CCB4700AC9E6A /* Info.plist */,
			);
			path = "百思不得姐UITests";
			sourceTree = "<group>";
		};
		C76A2AF2249E39D31475BC04 /* Pods */ = {
			isa = PBXGroup;
			children = (
				97521C8E1EA30F3280EA045F /* Pods.debug.xcconfig */,
				B3631F45F81BE48A37EB2845 /* Pods.release.xcconfig */,
			);
			name = Pods;
			sourceTree = "<group>";
		};
/* End PBXGroup section */

/* Begin PBXNativeTarget section */
		A47EF7781C6CCB4600AC9E6A /* 百思不得姐 */ = {
			isa = PBXNativeTarget;
			buildConfigurationList = A47EF7A61C6CCB4700AC9E6A /* Build configuration list for PBXNativeTarget "百思不得姐" */;
			buildPhases = (
				5FEB4835112527654D9AE2BB /* Check Pods Manifest.lock */,
				A47EF7751C6CCB4600AC9E6A /* Sources */,
				A47EF7761C6CCB4600AC9E6A /* Frameworks */,
				A47EF7771C6CCB4600AC9E6A /* Resources */,
				67B9BB2DE39B2E442C28E7BD /* Embed Pods Frameworks */,
				F62D3EF1D4BFA641DD63D107 /* Copy Pods Resources */,
			);
			buildRules = (
			);
			dependencies = (
			);
			name = "百思不得姐";
			productName = "百思不得姐";
			productReference = A47EF7791C6CCB4700AC9E6A /* 百思不得姐.app */;
			productType = "com.apple.product-type.application";
		};
		A47EF7911C6CCB4700AC9E6A /* 百思不得姐Tests */ = {
			isa = PBXNativeTarget;
			buildConfigurationList = A47EF7A91C6CCB4700AC9E6A /* Build configuration list for PBXNativeTarget "百思不得姐Tests" */;
			buildPhases = (
				A47EF78E1C6CCB4700AC9E6A /* Sources */,
				A47EF78F1C6CCB4700AC9E6A /* Frameworks */,
				A47EF7901C6CCB4700AC9E6A /* Resources */,
			);
			buildRules = (
			);
			dependencies = (
				A47EF7941C6CCB4700AC9E6A /* PBXTargetDependency */,
			);
			name = "百思不得姐Tests";
			productName = "百思不得姐Tests";
			productReference = A47EF7921C6CCB4700AC9E6A /* 百思不得姐Tests.xctest */;
			productType = "com.apple.product-type.bundle.unit-test";
		};
		A47EF79C1C6CCB4700AC9E6A /* 百思不得姐UITests */ = {
			isa = PBXNativeTarget;
			buildConfigurationList = A47EF7AC1C6CCB4700AC9E6A /* Build configuration list for PBXNativeTarget "百思不得姐UITests" */;
			buildPhases = (
				A47EF7991C6CCB4700AC9E6A /* Sources */,
				A47EF79A1C6CCB4700AC9E6A /* Frameworks */,
				A47EF79B1C6CCB4700AC9E6A /* Resources */,
			);
			buildRules = (
			);
			dependencies = (
				A47EF79F1C6CCB4700AC9E6A /* PBXTargetDependency */,
			);
			name = "百思不得姐UITests";
			productName = "百思不得姐UITests";
			productReference = A47EF79D1C6CCB4700AC9E6A /* 百思不得姐UITests.xctest */;
			productType = "com.apple.product-type.bundle.ui-testing";
		};
/* End PBXNativeTarget section */

/* Begin PBXProject section */
		A47EF7711C6CCB4600AC9E6A /* Project object */ = {
			isa = PBXProject;
			attributes = {
				CLASSPREFIX = YG;
				LastUpgradeCheck = 0720;
				ORGANIZATIONNAME = liu;
				TargetAttributes = {
					A47EF7781C6CCB4600AC9E6A = {
						CreatedOnToolsVersion = 7.2.1;
					};
					A47EF7911C6CCB4700AC9E6A = {
						CreatedOnToolsVersion = 7.2.1;
						DevelopmentTeam = CE33MW65T6;
						TestTargetID = A47EF7781C6CCB4600AC9E6A;
					};
					A47EF79C1C6CCB4700AC9E6A = {
						CreatedOnToolsVersion = 7.2.1;
						DevelopmentTeam = CE33MW65T6;
						TestTargetID = A47EF7781C6CCB4600AC9E6A;
					};
				};
			};
			buildConfigurationList = A47EF7741C6CCB4600AC9E6A /* Build configuration list for PBXProject "百思不得姐" */;
			compatibilityVersion = "Xcode 3.2";
			developmentRegion = English;
			hasScannedForEncodings = 0;
			knownRegions = (
				en,
				Base,
			);
			mainGroup = A47EF7701C6CCB4600AC9E6A;
			productRefGroup = A47EF77A1C6CCB4700AC9E6A /* Products */;
			projectDirPath = "";
			projectRoot = "";
			targets = (
				A47EF7781C6CCB4600AC9E6A /* 百思不得姐 */,
				A47EF7911C6CCB4700AC9E6A /* 百思不得姐Tests */,
				A47EF79C1C6CCB4700AC9E6A /* 百思不得姐UITests */,
			);
		};
/* End PBXProject section */

/* Begin PBXResourcesBuildPhase section */
		A47EF7771C6CCB4600AC9E6A /* Resources */ = {
			isa = PBXResourcesBuildPhase;
			buildActionMask = 2147483647;
			files = (
				A4E91CBB1C787528006E4DCB /* YGLoginRegisterViewController.xib in Resources */,
				A4766E341C802E3800A4E048 /* YGPictureView.xib in Resources */,
				A46C22FB1C8822D7002CD6A2 /* YGCommentViewController.xib in Resources */,
				A4B0900B1C759420009DCA14 /* YGUserTableViewCell.xib in Resources */,
				A4EFE44E1C760A1800B0B2E5 /* YGRecommendTagCell.xib in Resources */,
				A4ACBE6D1C7227B3002E26E3 /* YGFriendTrendsView.xib in Resources */,
				A4C1BBB91C82E8D90059C3D1 /* YGBigPictureController.xib in Resources */,
				A4290E511C81EE1800475C24 /* YGVoiceView.xib in Resources */,
				A4C1BBB41C82CB650059C3D1 /* YGVideoView.xib in Resources */,
				A4B090041C74B257009DCA14 /* YGRecommendViewCell.xib in Resources */,
				A46E20CC1C798A8F00E9758B /* YGPushGuideView.xib in Resources */,
				A4290E4C1C81696500475C24 /* YGPublishView.xib in Resources */,
				A4B8675A1C7EF40A00C28154 /* YGTopicCell.xib in Resources */,
				A4B08FFC1C74A979009DCA14 /* YGRecommendViewController.xib in Resources */,
				A426D1AC1C6DBDA3007A99E9 /* Assets.xcassets in Resources */,
			);
			runOnlyForDeploymentPostprocessing = 0;
		};
		A47EF7901C6CCB4700AC9E6A /* Resources */ = {
			isa = PBXResourcesBuildPhase;
			buildActionMask = 2147483647;
			files = (
			);
			runOnlyForDeploymentPostprocessing = 0;
		};
		A47EF79B1C6CCB4700AC9E6A /* Resources */ = {
			isa = PBXResourcesBuildPhase;
			buildActionMask = 2147483647;
			files = (
			);
			runOnlyForDeploymentPostprocessing = 0;
		};
/* End PBXResourcesBuildPhase section */

/* Begin PBXShellScriptBuildPhase section */
		5FEB4835112527654D9AE2BB /* Check Pods Manifest.lock */ = {
			isa = PBXShellScriptBuildPhase;
			buildActionMask = 2147483647;
			files = (
			);
			inputPaths = (
			);
			name = "Check Pods Manifest.lock";
			outputPaths = (
			);
			runOnlyForDeploymentPostprocessing = 0;
			shellPath = /bin/sh;
			shellScript = "diff \"${PODS_ROOT}/../Podfile.lock\" \"${PODS_ROOT}/Manifest.lock\" > /dev/null\nif [[ $? != 0 ]] ; then\n    cat << EOM\nerror: The sandbox is not in sync with the Podfile.lock. Run 'pod install' or update your CocoaPods installation.\nEOM\n    exit 1\nfi\n";
			showEnvVarsInLog = 0;
		};
		67B9BB2DE39B2E442C28E7BD /* Embed Pods Frameworks */ = {
			isa = PBXShellScriptBuildPhase;
			buildActionMask = 2147483647;
			files = (
			);
			inputPaths = (
			);
			name = "Embed Pods Frameworks";
			outputPaths = (
			);
			runOnlyForDeploymentPostprocessing = 0;
			shellPath = /bin/sh;
			shellScript = "\"${SRCROOT}/Pods/Target Support Files/Pods/Pods-frameworks.sh\"\n";
			showEnvVarsInLog = 0;
		};
		F62D3EF1D4BFA641DD63D107 /* Copy Pods Resources */ = {
			isa = PBXShellScriptBuildPhase;
			buildActionMask = 2147483647;
			files = (
			);
			inputPaths = (
			);
			name = "Copy Pods Resources";
			outputPaths = (
			);
			runOnlyForDeploymentPostprocessing = 0;
			shellPath = /bin/sh;
			shellScript = "\"${SRCROOT}/Pods/Target Support Files/Pods/Pods-resources.sh\"\n";
			showEnvVarsInLog = 0;
		};
/* End PBXShellScriptBuildPhase section */

/* Begin PBXSourcesBuildPhase section */
		A47EF7751C6CCB4600AC9E6A /* Sources */ = {
			isa = PBXSourcesBuildPhase;
			buildActionMask = 2147483647;
			files = (
				A402D6EB1C71BB1000F11B4B /* YGFriendTrendsViewController.m in Sources */,
				A4EFE4461C76047500B0B2E5 /* YGRecommendTagsController.m in Sources */,
				A46C22FA1C8822D7002CD6A2 /* YGCommentViewController.m in Sources */,
				A46C22F61C88107D002CD6A2 /* YGComment.m in Sources */,
				A4B08FFB1C74A979009DCA14 /* YGRecommendViewController.m in Sources */,
				A46E20CA1C798A6300E9758B /* YGPushGuideView.m in Sources */,
				A4E91CBE1C78852B006E4DCB /* YGOtherLoginButton.m in Sources */,
				A402D6ED1C71BB1000F11B4B /* YGNewViewController.m in Sources */,
				A402D6F01C71BB1000F11B4B /* UIView+YGExtension.m in Sources */,
				A4B8675D1C7F39D000C28154 /* NSDate+Extension.m in Sources */,
				A4B090031C74B257009DCA14 /* YGRecommendViewCell.m in Sources */,
				A42D5CE51C8858A500886B8F /* YGCommentHeaderView.m in Sources */,
				A4766E321C802E0C00A4E048 /* YGPictureView.m in Sources */,
				A4290E4B1C81696500475C24 /* YGPublishView.m in Sources */,
				A4B867551C7EF06C00C28154 /* YGConst.m in Sources */,
				A402D6F31C71BB1000F11B4B /* YGTabBar.m in Sources */,
				A4E91CC11C78A4D6006E4DCB /* YGTextField.m in Sources */,
				A4B867521C7ED96B00C28154 /* YGTopic.m in Sources */,
				A4B867601C7F4AA100C28154 /* YGBaseViewController.m in Sources */,
				A402D6EC1C71BB1000F11B4B /* YGMeViewController.m in Sources */,
				A4E91CBA1C787528006E4DCB /* YGLoginRegisterViewController.m in Sources */,
				A4C1BBB01C82BC880059C3D1 /* YGVideoView.m in Sources */,
				A4EFE4491C76076B00B0B2E5 /* YGRecommendTag.m in Sources */,
				A4EFE44D1C760A1800B0B2E5 /* YGRecommendTagCell.m in Sources */,
				A402D6EA1C71BB1000F11B4B /* YGEssenceViewController.m in Sources */,
				A4B0900A1C759420009DCA14 /* YGUserTableViewCell.m in Sources */,
				A44C891A1C86BBDA009E9DAF /* YGProgressView.m in Sources */,
				A402D6EF1C71BB1000F11B4B /* UIBarButtonItem+YGExtension.m in Sources */,
				A4B867591C7EF40A00C28154 /* YGTopicCell.m in Sources */,
				A4B0900F1C7598B0009DCA14 /* YGRecommendUser.m in Sources */,
				A4290E4F1C81EDFA00475C24 /* YGVoiceView.m in Sources */,
				A402D6EE1C71BB1000F11B4B /* AppDelegate.m in Sources */,
				A4B08FFF1C74B1C8009DCA14 /* YGRecommendCategroy.m in Sources */,
				A402D6F21C71BB1000F11B4B /* main.m in Sources */,
				A402D6FF1C71CA8100F11B4B /* YGNavigationViewController.m in Sources */,
				A402D6F11C71BB1000F11B4B /* YGTabBarController.m in Sources */,
				A4B090061C74B845009DCA14 /* Foundation+Log.m in Sources */,
				A46C22F31C880E66002CD6A2 /* YGUser.m in Sources */,
				A4C1BBB81C82E8D90059C3D1 /* YGBigPictureController.m in Sources */,
			);
			runOnlyForDeploymentPostprocessing = 0;
		};
		A47EF78E1C6CCB4700AC9E6A /* Sources */ = {
			isa = PBXSourcesBuildPhase;
			buildActionMask = 2147483647;
			files = (
				A47EF7971C6CCB4700AC9E6A /* _____Tests.m in Sources */,
			);
			runOnlyForDeploymentPostprocessing = 0;
		};
		A47EF7991C6CCB4700AC9E6A /* Sources */ = {
			isa = PBXSourcesBuildPhase;
			buildActionMask = 2147483647;
			files = (
				A47EF7A21C6CCB4700AC9E6A /* _____UITests.m in Sources */,
			);
			runOnlyForDeploymentPostprocessing = 0;
		};
/* End PBXSourcesBuildPhase section */

/* Begin PBXTargetDependency section */
		A47EF7941C6CCB4700AC9E6A /* PBXTargetDependency */ = {
			isa = PBXTargetDependency;
			target = A47EF7781C6CCB4600AC9E6A /* 百思不得姐 */;
			targetProxy = A47EF7931C6CCB4700AC9E6A /* PBXContainerItemProxy */;
		};
		A47EF79F1C6CCB4700AC9E6A /* PBXTargetDependency */ = {
			isa = PBXTargetDependency;
			target = A47EF7781C6CCB4600AC9E6A /* 百思不得姐 */;
			targetProxy = A47EF79E1C6CCB4700AC9E6A /* PBXContainerItemProxy */;
		};
/* End PBXTargetDependency section */

/* Begin XCBuildConfiguration section */
		A47EF7A41C6CCB4700AC9E6A /* Debug */ = {
			isa = XCBuildConfiguration;
			buildSettings = {
				ALWAYS_SEARCH_USER_PATHS = NO;
				CLANG_CXX_LANGUAGE_STANDARD = "gnu++0x";
				CLANG_CXX_LIBRARY = "libc++";
				CLANG_ENABLE_MODULES = YES;
				CLANG_ENABLE_OBJC_ARC = YES;
				CLANG_WARN_BOOL_CONVERSION = YES;
				CLANG_WARN_CONSTANT_CONVERSION = YES;
				CLANG_WARN_DIRECT_OBJC_ISA_USAGE = YES_ERROR;
				CLANG_WARN_EMPTY_BODY = YES;
				CLANG_WARN_ENUM_CONVERSION = YES;
				CLANG_WARN_INT_CONVERSION = YES;
				CLANG_WARN_OBJC_ROOT_CLASS = YES_ERROR;
				CLANG_WARN_UNREACHABLE_CODE = YES;
				CLANG_WARN__DUPLICATE_METHOD_MATCH = YES;
				"CODE_SIGN_IDENTITY[sdk=iphoneos*]" = "iPhone Developer";
				COPY_PHASE_STRIP = NO;
				DEBUG_INFORMATION_FORMAT = dwarf;
				ENABLE_STRICT_OBJC_MSGSEND = YES;
				ENABLE_TESTABILITY = YES;
				GCC_C_LANGUAGE_STANDARD = gnu99;
				GCC_DYNAMIC_NO_PIC = NO;
				GCC_NO_COMMON_BLOCKS = YES;
				GCC_OPTIMIZATION_LEVEL = 0;
				GCC_PREPROCESSOR_DEFINITIONS = (
					"DEBUG=1",
					"$(inherited)",
				);
				GCC_WARN_64_TO_32_BIT_CONVERSION = YES;
				GCC_WARN_ABOUT_RETURN_TYPE = YES_ERROR;
				GCC_WARN_UNDECLARED_SELECTOR = YES;
				GCC_WARN_UNINITIALIZED_AUTOS = YES_AGGRESSIVE;
				GCC_WARN_UNUSED_FUNCTION = YES;
				GCC_WARN_UNUSED_VARIABLE = YES;
				IPHONEOS_DEPLOYMENT_TARGET = 9.2;
				MTL_ENABLE_DEBUG_INFO = YES;
				ONLY_ACTIVE_ARCH = YES;
				SDKROOT = iphoneos;
			};
			name = Debug;
		};
		A47EF7A51C6CCB4700AC9E6A /* Release */ = {
			isa = XCBuildConfiguration;
			buildSettings = {
				ALWAYS_SEARCH_USER_PATHS = NO;
				CLANG_CXX_LANGUAGE_STANDARD = "gnu++0x";
				CLANG_CXX_LIBRARY = "libc++";
				CLANG_ENABLE_MODULES = YES;
				CLANG_ENABLE_OBJC_ARC = YES;
				CLANG_WARN_BOOL_CONVERSION = YES;
				CLANG_WARN_CONSTANT_CONVERSION = YES;
				CLANG_WARN_DIRECT_OBJC_ISA_USAGE = YES_ERROR;
				CLANG_WARN_EMPTY_BODY = YES;
				CLANG_WARN_ENUM_CONVERSION = YES;
				CLANG_WARN_INT_CONVERSION = YES;
				CLANG_WARN_OBJC_ROOT_CLASS = YES_ERROR;
				CLANG_WARN_UNREACHABLE_CODE = YES;
				CLANG_WARN__DUPLICATE_METHOD_MATCH = YES;
				"CODE_SIGN_IDENTITY[sdk=iphoneos*]" = "iPhone Developer";
				COPY_PHASE_STRIP = NO;
				DEBUG_INFORMATION_FORMAT = "dwarf-with-dsym";
				ENABLE_NS_ASSERTIONS = NO;
				ENABLE_STRICT_OBJC_MSGSEND = YES;
				GCC_C_LANGUAGE_STANDARD = gnu99;
				GCC_NO_COMMON_BLOCKS = YES;
				GCC_WARN_64_TO_32_BIT_CONVERSION = YES;
				GCC_WARN_ABOUT_RETURN_TYPE = YES_ERROR;
				GCC_WARN_UNDECLARED_SELECTOR = YES;
				GCC_WARN_UNINITIALIZED_AUTOS = YES_AGGRESSIVE;
				GCC_WARN_UNUSED_FUNCTION = YES;
				GCC_WARN_UNUSED_VARIABLE = YES;
				IPHONEOS_DEPLOYMENT_TARGET = 9.2;
				MTL_ENABLE_DEBUG_INFO = NO;
				SDKROOT = iphoneos;
				VALIDATE_PRODUCT = YES;
			};
			name = Release;
		};
		A47EF7A71C6CCB4700AC9E6A /* Debug */ = {
			isa = XCBuildConfiguration;
			baseConfigurationReference = 97521C8E1EA30F3280EA045F /* Pods.debug.xcconfig */;
			buildSettings = {
				ASSETCATALOG_COMPILER_APPICON_NAME = AppIcon;
				ASSETCATALOG_COMPILER_LAUNCHIMAGE_NAME = "Brand Assets";
				CODE_SIGN_IDENTITY = "iPhone Developer";
				GCC_PREFIX_HEADER = "百思不得姐/Classes/Other/PrefixHeader.pch";
				INFOPLIST_FILE = "百思不得姐/Info.plist";
				IPHONEOS_DEPLOYMENT_TARGET = 7.0;
				LD_RUNPATH_SEARCH_PATHS = "$(inherited) @executable_path/Frameworks";
				PRODUCT_BUNDLE_IDENTIFIER = "com.liu.-----";
				PRODUCT_NAME = "$(TARGET_NAME)";
				TARGETED_DEVICE_FAMILY = 1;
			};
			name = Debug;
		};
		A47EF7A81C6CCB4700AC9E6A /* Release */ = {
			isa = XCBuildConfiguration;
			baseConfigurationReference = B3631F45F81BE48A37EB2845 /* Pods.release.xcconfig */;
			buildSettings = {
				ASSETCATALOG_COMPILER_APPICON_NAME = AppIcon;
				ASSETCATALOG_COMPILER_LAUNCHIMAGE_NAME = "Brand Assets";
				CODE_SIGN_IDENTITY = "iPhone Developer";
				GCC_PREFIX_HEADER = "百思不得姐/Classes/Other/PrefixHeader.pch";
				INFOPLIST_FILE = "百思不得姐/Info.plist";
				IPHONEOS_DEPLOYMENT_TARGET = 7.0;
				LD_RUNPATH_SEARCH_PATHS = "$(inherited) @executable_path/Frameworks";
				PRODUCT_BUNDLE_IDENTIFIER = "com.liu.-----";
				PRODUCT_NAME = "$(TARGET_NAME)";
				TARGETED_DEVICE_FAMILY = 1;
			};
			name = Release;
		};
		A47EF7AA1C6CCB4700AC9E6A /* Debug */ = {
			isa = XCBuildConfiguration;
			buildSettings = {
				BUNDLE_LOADER = "$(TEST_HOST)";
				INFOPLIST_FILE = "百思不得姐Tests/Info.plist";
				LD_RUNPATH_SEARCH_PATHS = "$(inherited) @executable_path/Frameworks @loader_path/Frameworks";
				PRODUCT_BUNDLE_IDENTIFIER = "com.liu.-----Tests";
				PRODUCT_NAME = "$(TARGET_NAME)";
				TEST_HOST = "$(BUILT_PRODUCTS_DIR)/百思不得姐.app/百思不得姐";
			};
			name = Debug;
		};
		A47EF7AB1C6CCB4700AC9E6A /* Release */ = {
			isa = XCBuildConfiguration;
			buildSettings = {
				BUNDLE_LOADER = "$(TEST_HOST)";
				INFOPLIST_FILE = "百思不得姐Tests/Info.plist";
				LD_RUNPATH_SEARCH_PATHS = "$(inherited) @executable_path/Frameworks @loader_path/Frameworks";
				PRODUCT_BUNDLE_IDENTIFIER = "com.liu.-----Tests";
				PRODUCT_NAME = "$(TARGET_NAME)";
				TEST_HOST = "$(BUILT_PRODUCTS_DIR)/百思不得姐.app/百思不得姐";
			};
			name = Release;
		};
		A47EF7AD1C6CCB4700AC9E6A /* Debug */ = {
			isa = XCBuildConfiguration;
			buildSettings = {
				INFOPLIST_FILE = "百思不得姐UITests/Info.plist";
				LD_RUNPATH_SEARCH_PATHS = "$(inherited) @executable_path/Frameworks @loader_path/Frameworks";
				PRODUCT_BUNDLE_IDENTIFIER = "com.liu.-----UITests";
				PRODUCT_NAME = "$(TARGET_NAME)";
				TEST_TARGET_NAME = "百思不得姐";
				USES_XCTRUNNER = YES;
			};
			name = Debug;
		};
		A47EF7AE1C6CCB4700AC9E6A /* Release */ = {
			isa = XCBuildConfiguration;
			buildSettings = {
				INFOPLIST_FILE = "百思不得姐UITests/Info.plist";
				LD_RUNPATH_SEARCH_PATHS = "$(inherited) @executable_path/Frameworks @loader_path/Frameworks";
				PRODUCT_BUNDLE_IDENTIFIER = "com.liu.-----UITests";
				PRODUCT_NAME = "$(TARGET_NAME)";
				TEST_TARGET_NAME = "百思不得姐";
				USES_XCTRUNNER = YES;
			};
			name = Release;
		};
/* End XCBuildConfiguration section */

/* Begin XCConfigurationList section */
		A47EF7741C6CCB4600AC9E6A /* Build configuration list for PBXProject "百思不得姐" */ = {
			isa = XCConfigurationList;
			buildConfigurations = (
				A47EF7A41C6CCB4700AC9E6A /* Debug */,
				A47EF7A51C6CCB4700AC9E6A /* Release */,
			);
			defaultConfigurationIsVisible = 0;
			defaultConfigurationName = Release;
		};
		A47EF7A61C6CCB4700AC9E6A /* Build configuration list for PBXNativeTarget "百思不得姐" */ = {
			isa = XCConfigurationList;
			buildConfigurations = (
				A47EF7A71C6CCB4700AC9E6A /* Debug */,
				A47EF7A81C6CCB4700AC9E6A /* Release */,
			);
			defaultConfigurationIsVisible = 0;
			defaultConfigurationName = Release;
		};
		A47EF7A91C6CCB4700AC9E6A /* Build configuration list for PBXNativeTarget "百思不得姐Tests" */ = {
			isa = XCConfigurationList;
			buildConfigurations = (
				A47EF7AA1C6CCB4700AC9E6A /* Debug */,
				A47EF7AB1C6CCB4700AC9E6A /* Release */,
			);
			defaultConfigurationIsVisible = 0;
			defaultConfigurationName = Release;
		};
		A47EF7AC1C6CCB4700AC9E6A /* Build configuration list for PBXNativeTarget "百思不得姐UITests" */ = {
			isa = XCConfigurationList;
			buildConfigurations = (
				A47EF7AD1C6CCB4700AC9E6A /* Debug */,
				A47EF7AE1C6CCB4700AC9E6A /* Release */,
			);
			defaultConfigurationIsVisible = 0;
			defaultConfigurationName = Release;
		};
/* End XCConfigurationList section */
	};
	rootObject = A47EF7711C6CCB4600AC9E6A /* Project object */;
}
